
Microsoft Visual Studio Solution File, Format Version 12.00
# Visual Studio 15
VisualStudioVersion = 15.0.27004.2006
MinimumVisualStudioVersion = 10.0.40219.1
Project("{FAE04EC0-301F-11D3-BF4B-00C04F79EFBC}") = "P03_P05_SalesDatabase", "P03_P05_SalesDatabase\P03_P05_SalesDatabase.csproj", "{F23FC7FA-A2F2-4F5C-A5B9-A8E01F491FCB}"
EndProject
Project("{FAE04EC0-301F-11D3-BF4B-00C04F79EFBC}") = "P03_P05_SalesStartUp", "P03_P05_SalesStartUp\P03_P05_SalesStartUp.csproj", "{CFFB9F93-C0F6-45D7-91DC-695488638676}"
EndProject
Project("{9A19103F-16F7-4668-BE54-9A1E7A4F7556}") = "P01_P02_HospitalStartUp", "P01_P02_HospitalStartUp\P01_P02_HospitalStartUp.csproj", "{F81321DA-332C-41CF-A73D-643CF8913FF7}"
EndProject
Project("{9A19103F-16F7-4668-BE54-9A1E7A4F7556}") = "P01_P02_HospitalDatabase", "P01_P02_HospitalDatabase\P01_P02_HospitalDatabase.csproj", "{68816D78-5412-46AB-AF1D-4BBB928209E6}"
EndProject
Project("{9A19103F-16F7-4668-BE54-9A1E7A4F7556}") = "P01_P02_HospitalDatabaseInitializer", "P01_P02_HospitalDatabaseInitializer\P01_P02_HospitalDatabaseInitializer.csproj", "{EFBF7F02-EE78-457D-886D-980349D9388A}"
EndProject
Global
	GlobalSection(SolutionConfigurationPlatforms) = preSolution
		Debug|Any CPU = Debug|Any CPU
		Release|Any CPU = Release|Any CPU
	EndGlobalSection
	GlobalSection(ProjectConfigurationPlatforms) = postSolution
		{F23FC7FA-A2F2-4F5C-A5B9-A8E01F491FCB}.Debug|Any CPU.ActiveCfg = Debug|Any CPU
		{F23FC7FA-A2F2-4F5C-A5B9-A8E01F491FCB}.Debug|Any CPU.Build.0 = Debug|Any CPU
		{F23FC7FA-A2F2-4F5C-A5B9-A8E01F491FCB}.Release|Any CPU.ActiveCfg = Release|Any CPU
		{F23FC7FA-A2F2-4F5C-A5B9-A8E01F491FCB}.Release|Any CPU.Build.0 = Release|Any CPU
		{CFFB9F93-C0F6-45D7-91DC-695488638676}.Debug|Any CPU.ActiveCfg = Debug|Any CPU
		{CFFB9F93-C0F6-45D7-91DC-695488638676}.Debug|Any CPU.Build.0 = Debug|Any CPU
		{CFFB9F93-C0F6-45D7-91DC-695488638676}.Release|Any CPU.ActiveCfg = Release|Any CPU
		{CFFB9F93-C0F6-45D7-91DC-695488638676}.Release|Any CPU.Build.0 = Release|Any CPU
		{F81321DA-332C-41CF-A73D-643CF8913FF7}.Debug|Any CPU.ActiveCfg = Debug|Any CPU
		{F81321DA-332C-41CF-A73D-643CF8913FF7}.Debug|Any CPU.Build.0 = Debug|Any CPU
		{F81321DA-332C-41CF-A73D-643CF8913FF7}.Release|Any CPU.ActiveCfg = Release|Any CPU
		{F81321DA-332C-41CF-A73D-643CF8913FF7}.Release|Any CPU.Build.0 = Release|Any CPU
		{68816D78-5412-46AB-AF1D-4BBB928209E6}.Debug|Any CPU.ActiveCfg = Debug|Any CPU
		{68816D78-5412-46AB-AF1D-4BBB928209E6}.Debug|Any CPU.Build.0 = Debug|Any CPU
		{68816D78-5412-46AB-AF1D-4BBB928209E6}.Release|Any CPU.ActiveCfg = Release|Any CPU
		{68816D78-5412-46AB-AF1D-4BBB928209E6}.Release|Any CPU.Build.0 = Release|Any CPU
		{EFBF7F02-EE78-457D-886D-980349D9388A}.Debug|Any CPU.ActiveCfg = Debug|Any CPU
		{EFBF7F02-EE78-457D-886D-980349D9388A}.Debug|Any CPU.Build.0 = Debug|Any CPU
		{EFBF7F02-EE78-457D-886D-980349D9388A}.Release|Any CPU.ActiveCfg = Release|Any CPU
		{EFBF7F02-EE78-457D-886D-980349D9388A}.Release|Any CPU.Build.0 = Release|Any CPU
	EndGlobalSection
	GlobalSection(SolutionProperties) = preSolution
		HideSolutionNode = FALSE
	EndGlobalSection
	GlobalSection(ExtensibilityGlobals) = postSolution
		SolutionGuid = {ABFE197F-2D46-4AD4-9E56-25A57A874A72}
	EndGlobalSection
EndGlobal
