
Microsoft Visual Studio Solution File, Format Version 12.00
# Visual Studio 15
VisualStudioVersion = 15.0.27004.2006
MinimumVisualStudioVersion = 10.0.40219.1
Project("{2150E333-8FDC-42A3-9474-1A3956D46DE8}") = "P01_ImportTheSoftUniDatabase", "P01_ImportTheSoftUniDatabase", "{FB885F5D-8DB2-4B3F-B117-6BEB2FF78B41}"
	ProjectSection(SolutionItems) = preProject
		P01_ImportTheSoftUniDatabase\SoftUniDB.sql = P01_ImportTheSoftUniDatabase\SoftUniDB.sql
	EndProjectSection
EndProject
Project("{9A19103F-16F7-4668-BE54-9A1E7A4F7556}") = "P02_DatabaseFirst", "P02_DatabaseFirst\P02_DatabaseFirst.csproj", "{FE1B78F9-9386-4202-AC53-2E81B63D2872}"
EndProject
Project("{9A19103F-16F7-4668-BE54-9A1E7A4F7556}") = "P03_P15_EmployeesFullInformation", "P03_P15_EmployeesFullInformation\P03_P15_EmployeesFullInformation.csproj", "{65A52113-D63E-4536-9FAA-B18534991119}"
EndProject
Global
	GlobalSection(SolutionConfigurationPlatforms) = preSolution
		Debug|Any CPU = Debug|Any CPU
		Release|Any CPU = Release|Any CPU
	EndGlobalSection
	GlobalSection(ProjectConfigurationPlatforms) = postSolution
		{FE1B78F9-9386-4202-AC53-2E81B63D2872}.Debug|Any CPU.ActiveCfg = Debug|Any CPU
		{FE1B78F9-9386-4202-AC53-2E81B63D2872}.Debug|Any CPU.Build.0 = Debug|Any CPU
		{FE1B78F9-9386-4202-AC53-2E81B63D2872}.Release|Any CPU.ActiveCfg = Release|Any CPU
		{FE1B78F9-9386-4202-AC53-2E81B63D2872}.Release|Any CPU.Build.0 = Release|Any CPU
		{65A52113-D63E-4536-9FAA-B18534991119}.Debug|Any CPU.ActiveCfg = Debug|Any CPU
		{65A52113-D63E-4536-9FAA-B18534991119}.Debug|Any CPU.Build.0 = Debug|Any CPU
		{65A52113-D63E-4536-9FAA-B18534991119}.Release|Any CPU.ActiveCfg = Release|Any CPU
		{65A52113-D63E-4536-9FAA-B18534991119}.Release|Any CPU.Build.0 = Release|Any CPU
	EndGlobalSection
	GlobalSection(SolutionProperties) = preSolution
		HideSolutionNode = FALSE
	EndGlobalSection
	GlobalSection(ExtensibilityGlobals) = postSolution
		SolutionGuid = {E303BF1D-8E21-4B13-B879-BCD139DA1260}
	EndGlobalSection
EndGlobal
