
Microsoft Visual Studio Solution File, Format Version 12.00
# Visual Studio 15
VisualStudioVersion = 15.0.27004.2006
MinimumVisualStudioVersion = 10.0.40219.1
Project("{FAE04EC0-301F-11D3-BF4B-00C04F79EFBC}") = "P01_P02_StudentSystem.App", "P01_P02_StudentSystem.App\P01_P02_StudentSystem.App.csproj", "{226028FC-BC75-4825-B7C8-C159C3DAC65B}"
EndProject
Project("{FAE04EC0-301F-11D3-BF4B-00C04F79EFBC}") = "P01_P02_StudentSystem.Data", "P01_P02_StudentSystem.Data\P01_P02_StudentSystem.Data.csproj", "{6F734D0E-6659-45B8-910B-1D0FF5039450}"
EndProject
Project("{FAE04EC0-301F-11D3-BF4B-00C04F79EFBC}") = "P01_P02_StudentSystem.Models", "P01_P02_StudentSystem.Model\P01_P02_StudentSystem.Models.csproj", "{CD97B6AC-A8DF-4D20-B1B2-212B906D0BBE}"
EndProject
Global
	GlobalSection(SolutionConfigurationPlatforms) = preSolution
		Debug|Any CPU = Debug|Any CPU
		Release|Any CPU = Release|Any CPU
	EndGlobalSection
	GlobalSection(ProjectConfigurationPlatforms) = postSolution
		{226028FC-BC75-4825-B7C8-C159C3DAC65B}.Debug|Any CPU.ActiveCfg = Debug|Any CPU
		{226028FC-BC75-4825-B7C8-C159C3DAC65B}.Debug|Any CPU.Build.0 = Debug|Any CPU
		{226028FC-BC75-4825-B7C8-C159C3DAC65B}.Release|Any CPU.ActiveCfg = Release|Any CPU
		{226028FC-BC75-4825-B7C8-C159C3DAC65B}.Release|Any CPU.Build.0 = Release|Any CPU
		{6F734D0E-6659-45B8-910B-1D0FF5039450}.Debug|Any CPU.ActiveCfg = Debug|Any CPU
		{6F734D0E-6659-45B8-910B-1D0FF5039450}.Debug|Any CPU.Build.0 = Debug|Any CPU
		{6F734D0E-6659-45B8-910B-1D0FF5039450}.Release|Any CPU.ActiveCfg = Release|Any CPU
		{6F734D0E-6659-45B8-910B-1D0FF5039450}.Release|Any CPU.Build.0 = Release|Any CPU
		{CD97B6AC-A8DF-4D20-B1B2-212B906D0BBE}.Debug|Any CPU.ActiveCfg = Debug|Any CPU
		{CD97B6AC-A8DF-4D20-B1B2-212B906D0BBE}.Debug|Any CPU.Build.0 = Debug|Any CPU
		{CD97B6AC-A8DF-4D20-B1B2-212B906D0BBE}.Release|Any CPU.ActiveCfg = Release|Any CPU
		{CD97B6AC-A8DF-4D20-B1B2-212B906D0BBE}.Release|Any CPU.Build.0 = Release|Any CPU
	EndGlobalSection
	GlobalSection(SolutionProperties) = preSolution
		HideSolutionNode = FALSE
	EndGlobalSection
	GlobalSection(ExtensibilityGlobals) = postSolution
		SolutionGuid = {F85446DF-8519-4526-B3F3-A8B708F26C8F}
	EndGlobalSection
EndGlobal
