
Microsoft Visual Studio Solution File, Format Version 12.00
# Visual Studio 15
VisualStudioVersion = 15.0.27004.2006
MinimumVisualStudioVersion = 10.0.40219.1
Project("{FAE04EC0-301F-11D3-BF4B-00C04F79EFBC}") = "ProductsShop.App", "ProductsShop.App\ProductsShop.App.csproj", "{15FA3DDE-D5FF-44F9-BFDC-C601501F1560}"
EndProject
Project("{FAE04EC0-301F-11D3-BF4B-00C04F79EFBC}") = "ProductsShop.Models", "ProductsShop.Models\ProductsShop.Models.csproj", "{26EDBFD5-3D00-4E5D-9CA7-B7DB481D4331}"
EndProject
Project("{FAE04EC0-301F-11D3-BF4B-00C04F79EFBC}") = "ProductsShop.Data", "ProductsShop.Data\ProductsShop.Data.csproj", "{1FC2F4A4-945F-4BBD-8868-78F3CEBAF3C8}"
EndProject
Global
	GlobalSection(SolutionConfigurationPlatforms) = preSolution
		Debug|Any CPU = Debug|Any CPU
		Release|Any CPU = Release|Any CPU
	EndGlobalSection
	GlobalSection(ProjectConfigurationPlatforms) = postSolution
		{15FA3DDE-D5FF-44F9-BFDC-C601501F1560}.Debug|Any CPU.ActiveCfg = Debug|Any CPU
		{15FA3DDE-D5FF-44F9-BFDC-C601501F1560}.Debug|Any CPU.Build.0 = Debug|Any CPU
		{15FA3DDE-D5FF-44F9-BFDC-C601501F1560}.Release|Any CPU.ActiveCfg = Release|Any CPU
		{15FA3DDE-D5FF-44F9-BFDC-C601501F1560}.Release|Any CPU.Build.0 = Release|Any CPU
		{26EDBFD5-3D00-4E5D-9CA7-B7DB481D4331}.Debug|Any CPU.ActiveCfg = Debug|Any CPU
		{26EDBFD5-3D00-4E5D-9CA7-B7DB481D4331}.Debug|Any CPU.Build.0 = Debug|Any CPU
		{26EDBFD5-3D00-4E5D-9CA7-B7DB481D4331}.Release|Any CPU.ActiveCfg = Release|Any CPU
		{26EDBFD5-3D00-4E5D-9CA7-B7DB481D4331}.Release|Any CPU.Build.0 = Release|Any CPU
		{1FC2F4A4-945F-4BBD-8868-78F3CEBAF3C8}.Debug|Any CPU.ActiveCfg = Debug|Any CPU
		{1FC2F4A4-945F-4BBD-8868-78F3CEBAF3C8}.Debug|Any CPU.Build.0 = Debug|Any CPU
		{1FC2F4A4-945F-4BBD-8868-78F3CEBAF3C8}.Release|Any CPU.ActiveCfg = Release|Any CPU
		{1FC2F4A4-945F-4BBD-8868-78F3CEBAF3C8}.Release|Any CPU.Build.0 = Release|Any CPU
	EndGlobalSection
	GlobalSection(SolutionProperties) = preSolution
		HideSolutionNode = FALSE
	EndGlobalSection
	GlobalSection(ExtensibilityGlobals) = postSolution
		SolutionGuid = {7214BEC6-FBE5-4A9B-8F10-DE6E88986131}
	EndGlobalSection
EndGlobal
